
Microsoft Visual Studio Solution File, Format Version 12.00
# Visual Studio Version 16
VisualStudioVersion = 16.0.32126.315
MinimumVisualStudioVersion = 10.0.40219.1
Project("{FAE04EC0-301F-11D3-BF4B-00C04F79EFBC}") = "FundooNote", "FundooNote.csproj", "{976B0C0A-ACE0-4872-AA28-5ACF2EB21836}"
EndProject
Project("{FAE04EC0-301F-11D3-BF4B-00C04F79EFBC}") = "BusinessLayer", "..\BusinessLayer\BusinessLayer.csproj", "{719A89F9-86E3-4DE7-97C4-688B8AA2DAEC}"
EndProject
Project("{FAE04EC0-301F-11D3-BF4B-00C04F79EFBC}") = "CommonLayer", "..\CommonLayer\CommonLayer.csproj", "{440AAC4D-1BB4-4EE4-9CE3-24294C2A515F}"
EndProject
Project("{FAE04EC0-301F-11D3-BF4B-00C04F79EFBC}") = "RepositoryLayer", "..\RepositoryLayer\RepositoryLayer.csproj", "{03A783D9-D249-4833-A9DB-E31E47FDD009}"
EndProject
Global
	GlobalSection(SolutionConfigurationPlatforms) = preSolution
		Debug|Any CPU = Debug|Any CPU
		Release|Any CPU = Release|Any CPU
	EndGlobalSection
	GlobalSection(ProjectConfigurationPlatforms) = postSolution
		{976B0C0A-ACE0-4872-AA28-5ACF2EB21836}.Debug|Any CPU.ActiveCfg = Debug|Any CPU
		{976B0C0A-ACE0-4872-AA28-5ACF2EB21836}.Debug|Any CPU.Build.0 = Debug|Any CPU
		{976B0C0A-ACE0-4872-AA28-5ACF2EB21836}.Release|Any CPU.ActiveCfg = Release|Any CPU
		{976B0C0A-ACE0-4872-AA28-5ACF2EB21836}.Release|Any CPU.Build.0 = Release|Any CPU
		{719A89F9-86E3-4DE7-97C4-688B8AA2DAEC}.Debug|Any CPU.ActiveCfg = Debug|Any CPU
		{719A89F9-86E3-4DE7-97C4-688B8AA2DAEC}.Debug|Any CPU.Build.0 = Debug|Any CPU
		{719A89F9-86E3-4DE7-97C4-688B8AA2DAEC}.Release|Any CPU.ActiveCfg = Release|Any CPU
		{719A89F9-86E3-4DE7-97C4-688B8AA2DAEC}.Release|Any CPU.Build.0 = Release|Any CPU
		{440AAC4D-1BB4-4EE4-9CE3-24294C2A515F}.Debug|Any CPU.ActiveCfg = Debug|Any CPU
		{440AAC4D-1BB4-4EE4-9CE3-24294C2A515F}.Debug|Any CPU.Build.0 = Debug|Any CPU
		{440AAC4D-1BB4-4EE4-9CE3-24294C2A515F}.Release|Any CPU.ActiveCfg = Release|Any CPU
		{440AAC4D-1BB4-4EE4-9CE3-24294C2A515F}.Release|Any CPU.Build.0 = Release|Any CPU
		{03A783D9-D249-4833-A9DB-E31E47FDD009}.Debug|Any CPU.ActiveCfg = Debug|Any CPU
		{03A783D9-D249-4833-A9DB-E31E47FDD009}.Debug|Any CPU.Build.0 = Debug|Any CPU
		{03A783D9-D249-4833-A9DB-E31E47FDD009}.Release|Any CPU.ActiveCfg = Release|Any CPU
		{03A783D9-D249-4833-A9DB-E31E47FDD009}.Release|Any CPU.Build.0 = Release|Any CPU
	EndGlobalSection
	GlobalSection(SolutionProperties) = preSolution
		HideSolutionNode = FALSE
	EndGlobalSection
	GlobalSection(ExtensibilityGlobals) = postSolution
		SolutionGuid = {D65C1270-1AAF-4925-8831-112045334596}
	EndGlobalSection
EndGlobal
